// !$*UTF8*$!
{
	archiveVersion = 1;
	classes = {
	};
	objectVersion = 48;
	objects = {

/* Begin PBXBuildFile section */
		D27FDF061F81A82A00780A60 /* AppDelegate.swift in Sources */ = {isa = PBXBuildFile; fileRef = D27FDF051F81A82A00780A60 /* AppDelegate.swift */; };
		D27FDF081F81A82A00780A60 /* ViewController.swift in Sources */ = {isa = PBXBuildFile; fileRef = D27FDF071F81A82A00780A60 /* ViewController.swift */; };
		D27FDF0B1F81A82A00780A60 /* Main.storyboard in Resources */ = {isa = PBXBuildFile; fileRef = D27FDF091F81A82A00780A60 /* Main.storyboard */; };
		D27FDF0D1F81A82A00780A60 /* Assets.xcassets in Resources */ = {isa = PBXBuildFile; fileRef = D27FDF0C1F81A82A00780A60 /* Assets.xcassets */; };
		D27FDF101F81A82A00780A60 /* LaunchScreen.storyboard in Resources */ = {isa = PBXBuildFile; fileRef = D27FDF0E1F81A82A00780A60 /* LaunchScreen.storyboard */; };
		D27FDF1A1F81AD9E00780A60 /* DetailsViewController.swift in Sources */ = {isa = PBXBuildFile; fileRef = D27FDF191F81AD9E00780A60 /* DetailsViewController.swift */; };
/* End PBXBuildFile section */

/* Begin PBXFileReference section */
		D27FDF021F81A82A00780A60 /* Milestone 2 Challenge.app */ = {isa = PBXFileReference; explicitFileType = wrapper.application; includeInIndex = 0; path = "Milestone 2 Challenge.app"; sourceTree = BUILT_PRODUCTS_DIR; };
		D27FDF051F81A82A00780A60 /* AppDelegate.swift */ = {isa = PBXFileReference; lastKnownFileType = sourcecode.swift; path = AppDelegate.swift; sourceTree = "<group>"; };
		D27FDF071F81A82A00780A60 /* ViewController.swift */ = {isa = PBXFileReference; lastKnownFileType = sourcecode.swift; path = ViewController.swift; sourceTree = "<group>"; };
		D27FDF0A1F81A82A00780A60 /* Base */ = {isa = PBXFileReference; lastKnownFileType = file.storyboard; name = Base; path = Base.lproj/Main.storyboard; sourceTree = "<group>"; };
		D27FDF0C1F81A82A00780A60 /* Assets.xcassets */ = {isa = PBXFileReference; lastKnownFileType = folder.assetcatalog; path = Assets.xcassets; sourceTree = "<group>"; };
		D27FDF0F1F81A82A00780A60 /* Base */ = {isa = PBXFileReference; lastKnownFileType = file.storyboard; name = Base; path = Base.lproj/LaunchScreen.storyboard; sourceTree = "<group>"; };
		D27FDF111F81A82A00780A60 /* Info.plist */ = {isa = PBXFileReference; lastKnownFileType = text.plist.xml; path = Info.plist; sourceTree = "<group>"; };
		D27FDF191F81AD9E00780A60 /* DetailsViewController.swift */ = {isa = PBXFileReference; lastKnownFileType = sourcecode.swift; path = DetailsViewController.swift; sourceTree = "<group>"; };
/* End PBXFileReference section */

/* Begin PBXFrameworksBuildPhase section */
		D27FDEFF1F81A82A00780A60 /* Frameworks */ = {
			isa = PBXFrameworksBuildPhase;
			buildActionMask = 2147483647;
			files = (
			);
			runOnlyForDeploymentPostprocessing = 0;
		};
/* End PBXFrameworksBuildPhase section */

/* Begin PBXGroup section */
		D27FDEF91F81A82A00780A60 = {
			isa = PBXGroup;
			children = (
				D27FDF041F81A82A00780A60 /* Milestone 2 Challenge */,
				D27FDF031F81A82A00780A60 /* Products */,
			);
			sourceTree = "<group>";
		};
		D27FDF031F81A82A00780A60 /* Products */ = {
			isa = PBXGroup;
			children = (
				D27FDF021F81A82A00780A60 /* Milestone 2 Challenge.app */,
			);
			name = Products;
			sourceTree = "<group>";
		};
		D27FDF041F81A82A00780A60 /* Milestone 2 Challenge */ = {
			isa = PBXGroup;
			children = (
				D27FDF051F81A82A00780A60 /* AppDelegate.swift */,
				D27FDF071F81A82A00780A60 /* ViewController.swift */,
				D27FDF091F81A82A00780A60 /* Main.storyboard */,
				D27FDF0C1F81A82A00780A60 /* Assets.xcassets */,
				D27FDF0E1F81A82A00780A60 /* LaunchScreen.storyboard */,
				D27FDF111F81A82A00780A60 /* Info.plist */,
				D27FDF191F81AD9E00780A60 /* DetailsViewController.swift */,
			);
			path = "Milestone 2 Challenge";
			sourceTree = "<group>";
		};
/* End PBXGroup section */

/* Begin PBXNativeTarget section */
		D27FDF011F81A82A00780A60 /* Milestone 2 Challenge */ = {
			isa = PBXNativeTarget;
			buildConfigurationList = D27FDF141F81A82A00780A60 /* Build configuration list for PBXNativeTarget "Milestone 2 Challenge" */;
			buildPhases = (
				D27FDEFE1F81A82A00780A60 /* Sources */,
				D27FDEFF1F81A82A00780A60 /* Frameworks */,
				D27FDF001F81A82A00780A60 /* Resources */,
			);
			buildRules = (
			);
			dependencies = (
			);
			name = "Milestone 2 Challenge";
			productName = "Milestone 2 Challenge";
			productReference = D27FDF021F81A82A00780A60 /* Milestone 2 Challenge.app */;
			productType = "com.apple.product-type.application";
		};
/* End PBXNativeTarget section */

/* Begin PBXProject section */
		D27FDEFA1F81A82A00780A60 /* Project object */ = {
			isa = PBXProject;
			attributes = {
				LastSwiftUpdateCheck = 0900;
				LastUpgradeCheck = 0900;
				ORGANIZATIONNAME = "Shumworks LLC";
				TargetAttributes = {
					D27FDF011F81A82A00780A60 = {
						CreatedOnToolsVersion = 9.0;
						ProvisioningStyle = Automatic;
					};
				};
			};
			buildConfigurationList = D27FDEFD1F81A82A00780A60 /* Build configuration list for PBXProject "Milestone 2 Challenge" */;
			compatibilityVersion = "Xcode 8.0";
			developmentRegion = en;
			hasScannedForEncodings = 0;
			knownRegions = (
				en,
				Base,
			);
			mainGroup = D27FDEF91F81A82A00780A60;
			productRefGroup = D27FDF031F81A82A00780A60 /* Products */;
			projectDirPath = "";
			projectRoot = "";
			targets = (
				D27FDF011F81A82A00780A60 /* Milestone 2 Challenge */,
			);
		};
/* End PBXProject section */

/* Begin PBXResourcesBuildPhase section */
		D27FDF001F81A82A00780A60 /* Resources */ = {
			isa = PBXResourcesBuildPhase;
			buildActionMask = 2147483647;
			files = (
				D27FDF101F81A82A00780A60 /* LaunchScreen.storyboard in Resources */,
				D27FDF0D1F81A82A00780A60 /* Assets.xcassets in Resources */,
				D27FDF0B1F81A82A00780A60 /* Main.storyboard in Resources */,
			);
			runOnlyForDeploymentPostprocessing = 0;
		};
/* End PBXResourcesBuildPhase section */

/* Begin PBXSourcesBuildPhase section */
		D27FDEFE1F81A82A00780A60 /* Sources */ = {
			isa = PBXSourcesBuildPhase;
			buildActionMask = 2147483647;
			files = (
				D27FDF081F81A82A00780A60 /* ViewController.swift in Sources */,
				D27FDF061F81A82A00780A60 /* AppDelegate.swift in Sources */,
				D27FDF1A1F81AD9E00780A60 /* DetailsViewController.swift in Sources */,
			);
			runOnlyForDeploymentPostprocessing = 0;
		};
/* End PBXSourcesBuildPhase section */

/* Begin PBXVariantGroup section */
		D27FDF091F81A82A00780A60 /* Main.storyboard */ = {
			isa = PBXVariantGroup;
			children = (
				D27FDF0A1F81A82A00780A60 /* Base */,
			);
			name = Main.storyboard;
			sourceTree = "<group>";
		};
		D27FDF0E1F81A82A00780A60 /* LaunchScreen.storyboard */ = {
			isa = PBXVariantGroup;
			children = (
				D27FDF0F1F81A82A00780A60 /* Base */,
			);
			name = LaunchScreen.storyboard;
			sourceTree = "<group>";
		};
/* End PBXVariantGroup section */

/* Begin XCBuildConfiguration section */
		D27FDF121F81A82A00780A60 /* Debug */ = {
			isa = XCBuildConfiguration;
			buildSettings = {
				ALWAYS_SEARCH_USER_PATHS = NO;
				CLANG_ANALYZER_NONNULL = YES;
				CLANG_ANALYZER_NUMBER_OBJECT_CONVERSION = YES_AGGRESSIVE;
				CLANG_CXX_LANGUAGE_STANDARD = "gnu++14";
				CLANG_CXX_LIBRARY = "libc++";
				CLANG_ENABLE_MODULES = YES;
				CLANG_ENABLE_OBJC_ARC = YES;
				CLANG_WARN_BLOCK_CAPTURE_AUTORELEASING = YES;
				CLANG_WARN_BOOL_CONVERSION = YES;
				CLANG_WARN_COMMA = YES;
				CLANG_WARN_CONSTANT_CONVERSION = YES;
				CLANG_WARN_DIRECT_OBJC_ISA_USAGE = YES_ERROR;
				CLANG_WARN_DOCUMENTATION_COMMENTS = YES;
				CLANG_WARN_EMPTY_BODY = YES;
				CLANG_WARN_ENUM_CONVERSION = YES;
				CLANG_WARN_INFINITE_RECURSION = YES;
				CLANG_WARN_INT_CONVERSION = YES;
				CLANG_WARN_NON_LITERAL_NULL_CONVERSION = YES;
				CLANG_WARN_OBJC_LITERAL_CONVERSION = YES;
				CLANG_WARN_OBJC_ROOT_CLASS = YES_ERROR;
				CLANG_WARN_RANGE_LOOP_ANALYSIS = YES;
				CLANG_WARN_STRICT_PROTOTYPES = YES;
				CLANG_WARN_SUSPICIOUS_MOVE = YES;
				CLANG_WARN_UNGUARDED_AVAILABILITY = YES_AGGRESSIVE;
				CLANG_WARN_UNREACHABLE_CODE = YES;
				CLANG_WARN__DUPLICATE_METHOD_MATCH = YES;
				CODE_SIGN_IDENTITY = "iPhone Developer";
				COPY_PHASE_STRIP = NO;
				DEBUG_INFORMATION_FORMAT = dwarf;
				ENABLE_STRICT_OBJC_MSGSEND = YES;
				ENABLE_TESTABILITY = YES;
				GCC_C_LANGUAGE_STANDARD = gnu11;
				GCC_DYNAMIC_NO_PIC = NO;
				GCC_NO_COMMON_BLOCKS = YES;
				GCC_OPTIMIZATION_LEVEL = 0;
				GCC_PREPROCESSOR_DEFINITIONS = (
					"DEBUG=1",
					"$(inherited)",
				);
				GCC_WARN_64_TO_32_BIT_CONVERSION = YES;
				GCC_WARN_ABOUT_RETURN_TYPE = YES_ERROR;
				GCC_WARN_UNDECLARED_SELECTOR = YES;
				GCC_WARN_UNINITIALIZED_AUTOS = YES_AGGRESSIVE;
				GCC_WARN_UNUSED_FUNCTION = YES;
				GCC_WARN_UNUSED_VARIABLE = YES;
				IPHONEOS_DEPLOYMENT_TARGET = 11.0;
				MTL_ENABLE_DEBUG_INFO = YES;
				ONLY_ACTIVE_ARCH = YES;
				SDKROOT = iphoneos;
				SWIFT_ACTIVE_COMPILATION_CONDITIONS = DEBUG;
				SWIFT_OPTIMIZATION_LEVEL = "-Onone";
			};
			name = Debug;
		};
		D27FDF131F81A82A00780A60 /* Release */ = {
			isa = XCBuildConfiguration;
			buildSettings = {
				ALWAYS_SEARCH_USER_PATHS = NO;
				CLANG_ANALYZER_NONNULL = YES;
				CLANG_ANALYZER_NUMBER_OBJECT_CONVERSION = YES_AGGRESSIVE;
				CLANG_CXX_LANGUAGE_STANDARD = "gnu++14";
				CLANG_CXX_LIBRARY = "libc++";
				CLANG_ENABLE_MODULES = YES;
				CLANG_ENABLE_OBJC_ARC = YES;
				CLANG_WARN_BLOCK_CAPTURE_AUTORELEASING = YES;
				CLANG_WARN_BOOL_CONVERSION = YES;
				CLANG_WARN_COMMA = YES;
				CLANG_WARN_CONSTANT_CONVERSION = YES;
				CLANG_WARN_DIRECT_OBJC_ISA_USAGE = YES_ERROR;
				CLANG_WARN_DOCUMENTATION_COMMENTS = YES;
				CLANG_WARN_EMPTY_BODY = YES;
				CLANG_WARN_ENUM_CONVERSION = YES;
				CLANG_WARN_INFINITE_RECURSION = YES;
				CLANG_WARN_INT_CONVERSION = YES;
				CLANG_WARN_NON_LITERAL_NULL_CONVERSION = YES;
				CLANG_WARN_OBJC_LITERAL_CONVERSION = YES;
				CLANG_WARN_OBJC_ROOT_CLASS = YES_ERROR;
				CLANG_WARN_RANGE_LOOP_ANALYSIS = YES;
				CLANG_WARN_STRICT_PROTOTYPES = YES;
				CLANG_WARN_SUSPICIOUS_MOVE = YES;
				CLANG_WARN_UNGUARDED_AVAILABILITY = YES_AGGRESSIVE;
				CLANG_WARN_UNREACHABLE_CODE = YES;
				CLANG_WARN__DUPLICATE_METHOD_MATCH = YES;
				CODE_SIGN_IDENTITY = "iPhone Developer";
				COPY_PHASE_STRIP = NO;
				DEBUG_INFORMATION_FORMAT = "dwarf-with-dsym";
				ENABLE_NS_ASSERTIONS = NO;
				ENABLE_STRICT_OBJC_MSGSEND = YES;
				GCC_C_LANGUAGE_STANDARD = gnu11;
				GCC_NO_COMMON_BLOCKS = YES;
				GCC_WARN_64_TO_32_BIT_CONVERSION = YES;
				GCC_WARN_ABOUT_RETURN_TYPE = YES_ERROR;
				GCC_WARN_UNDECLARED_SELECTOR = YES;
				GCC_WARN_UNINITIALIZED_AUTOS = YES_AGGRESSIVE;
				GCC_WARN_UNUSED_FUNCTION = YES;
				GCC_WARN_UNUSED_VARIABLE = YES;
				IPHONEOS_DEPLOYMENT_TARGET = 11.0;
				MTL_ENABLE_DEBUG_INFO = NO;
				SDKROOT = iphoneos;
				SWIFT_OPTIMIZATION_LEVEL = "-Owholemodule";
				VALIDATE_PRODUCT = YES;
			};
			name = Release;
		};
		D27FDF151F81A82A00780A60 /* Debug */ = {
			isa = XCBuildConfiguration;
			buildSettings = {
				ASSETCATALOG_COMPILER_APPICON_NAME = AppIcon;
				CODE_SIGN_STYLE = Automatic;
				DEVELOPMENT_TEAM = 9DMPB36F66;
				INFOPLIST_FILE = "Milestone 2 Challenge/Info.plist";
				LD_RUNPATH_SEARCH_PATHS = "$(inherited) @executable_path/Frameworks";
				PRODUCT_BUNDLE_IDENTIFIER = "com.shumworks.Milestone-2-Challenge";
				PRODUCT_NAME = "$(TARGET_NAME)";
				SWIFT_VERSION = 4.0;
				TARGETED_DEVICE_FAMILY = "1,2";
			};
			name = Debug;
		};
		D27FDF161F81A82A00780A60 /* Release */ = {
			isa = XCBuildConfiguration;
			buildSettings = {
				ASSETCATALOG_COMPILER_APPICON_NAME = AppIcon;
				CODE_SIGN_STYLE = Automatic;
				DEVELOPMENT_TEAM = 9DMPB36F66;
				INFOPLIST_FILE = "Milestone 2 Challenge/Info.plist";
				LD_RUNPATH_SEARCH_PATHS = "$(inherited) @executable_path/Frameworks";
				PRODUCT_BUNDLE_IDENTIFIER = "com.shumworks.Milestone-2-Challenge";
				PRODUCT_NAME = "$(TARGET_NAME)";
				SWIFT_VERSION = 4.0;
				TARGETED_DEVICE_FAMILY = "1,2";
			};
			name = Release;
		};
/* End XCBuildConfiguration section */

/* Begin XCConfigurationList section */
		D27FDEFD1F81A82A00780A60 /* Build configuration list for PBXProject "Milestone 2 Challenge" */ = {
			isa = XCConfigurationList;
			buildConfigurations = (
				D27FDF121F81A82A00780A60 /* Debug */,
				D27FDF131F81A82A00780A60 /* Release */,
			);
			defaultConfigurationIsVisible = 0;
			defaultConfigurationName = Release;
		};
		D27FDF141F81A82A00780A60 /* Build configuration list for PBXNativeTarget "Milestone 2 Challenge" */ = {
			isa = XCConfigurationList;
			buildConfigurations = (
				D27FDF151F81A82A00780A60 /* Debug */,
				D27FDF161F81A82A00780A60 /* Release */,
			);
			defaultConfigurationIsVisible = 0;
			defaultConfigurationName = Release;
		};
/* End XCConfigurationList section */
	};
	rootObject = D27FDEFA1F81A82A00780A60 /* Project object */;
}
