// !$*UTF8*$!
{
	archiveVersion = 1;
	classes = {
	};
	objectVersion = 46;
	objects = {

/* Begin PBXBuildFile section */
		D27BE4B61EE0CABD0068CB3F /* AppDelegate.swift in Sources */ = {isa = PBXBuildFile; fileRef = D27BE4B51EE0CABD0068CB3F /* AppDelegate.swift */; };
		D27BE4B81EE0CABD0068CB3F /* ViewController.swift in Sources */ = {isa = PBXBuildFile; fileRef = D27BE4B71EE0CABD0068CB3F /* ViewController.swift */; };
		D27BE4BB1EE0CABD0068CB3F /* Main.storyboard in Resources */ = {isa = PBXBuildFile; fileRef = D27BE4B91EE0CABD0068CB3F /* Main.storyboard */; };
		D27BE4BD1EE0CABD0068CB3F /* Assets.xcassets in Resources */ = {isa = PBXBuildFile; fileRef = D27BE4BC1EE0CABD0068CB3F /* Assets.xcassets */; };
		D27BE4C01EE0CABD0068CB3F /* LaunchScreen.storyboard in Resources */ = {isa = PBXBuildFile; fileRef = D27BE4BE1EE0CABD0068CB3F /* LaunchScreen.storyboard */; };
		D27BE4D11EE0CB0F0068CB3F /* nssl0033.jpg in Resources */ = {isa = PBXBuildFile; fileRef = D27BE4C71EE0CB0F0068CB3F /* nssl0033.jpg */; };
		D27BE4D21EE0CB0F0068CB3F /* nssl0034.jpg in Resources */ = {isa = PBXBuildFile; fileRef = D27BE4C81EE0CB0F0068CB3F /* nssl0034.jpg */; };
		D27BE4D31EE0CB0F0068CB3F /* nssl0041.jpg in Resources */ = {isa = PBXBuildFile; fileRef = D27BE4C91EE0CB0F0068CB3F /* nssl0041.jpg */; };
		D27BE4D41EE0CB0F0068CB3F /* nssl0042.jpg in Resources */ = {isa = PBXBuildFile; fileRef = D27BE4CA1EE0CB0F0068CB3F /* nssl0042.jpg */; };
		D27BE4D51EE0CB0F0068CB3F /* nssl0043.jpg in Resources */ = {isa = PBXBuildFile; fileRef = D27BE4CB1EE0CB0F0068CB3F /* nssl0043.jpg */; };
		D27BE4D61EE0CB0F0068CB3F /* nssl0045.jpg in Resources */ = {isa = PBXBuildFile; fileRef = D27BE4CC1EE0CB0F0068CB3F /* nssl0045.jpg */; };
		D27BE4D71EE0CB0F0068CB3F /* nssl0046.jpg in Resources */ = {isa = PBXBuildFile; fileRef = D27BE4CD1EE0CB0F0068CB3F /* nssl0046.jpg */; };
		D27BE4D81EE0CB0F0068CB3F /* nssl0049.jpg in Resources */ = {isa = PBXBuildFile; fileRef = D27BE4CE1EE0CB0F0068CB3F /* nssl0049.jpg */; };
		D27BE4D91EE0CB0F0068CB3F /* nssl0051.jpg in Resources */ = {isa = PBXBuildFile; fileRef = D27BE4CF1EE0CB0F0068CB3F /* nssl0051.jpg */; };
		D27BE4DA1EE0CB0F0068CB3F /* nssl0091.jpg in Resources */ = {isa = PBXBuildFile; fileRef = D27BE4D01EE0CB0F0068CB3F /* nssl0091.jpg */; };
		D27BE4DC1EE0CFFA0068CB3F /* DetailViewController.swift in Sources */ = {isa = PBXBuildFile; fileRef = D27BE4DB1EE0CFFA0068CB3F /* DetailViewController.swift */; };
/* End PBXBuildFile section */

/* Begin PBXFileReference section */
		D27BE4B21EE0CABD0068CB3F /* Project1.app */ = {isa = PBXFileReference; explicitFileType = wrapper.application; includeInIndex = 0; path = Project1.app; sourceTree = BUILT_PRODUCTS_DIR; };
		D27BE4B51EE0CABD0068CB3F /* AppDelegate.swift */ = {isa = PBXFileReference; lastKnownFileType = sourcecode.swift; path = AppDelegate.swift; sourceTree = "<group>"; };
		D27BE4B71EE0CABD0068CB3F /* ViewController.swift */ = {isa = PBXFileReference; lastKnownFileType = sourcecode.swift; path = ViewController.swift; sourceTree = "<group>"; };
		D27BE4BA1EE0CABD0068CB3F /* Base */ = {isa = PBXFileReference; lastKnownFileType = file.storyboard; name = Base; path = Base.lproj/Main.storyboard; sourceTree = "<group>"; };
		D27BE4BC1EE0CABD0068CB3F /* Assets.xcassets */ = {isa = PBXFileReference; lastKnownFileType = folder.assetcatalog; path = Assets.xcassets; sourceTree = "<group>"; };
		D27BE4BF1EE0CABD0068CB3F /* Base */ = {isa = PBXFileReference; lastKnownFileType = file.storyboard; name = Base; path = Base.lproj/LaunchScreen.storyboard; sourceTree = "<group>"; };
		D27BE4C11EE0CABD0068CB3F /* Info.plist */ = {isa = PBXFileReference; lastKnownFileType = text.plist.xml; path = Info.plist; sourceTree = "<group>"; };
		D27BE4C71EE0CB0F0068CB3F /* nssl0033.jpg */ = {isa = PBXFileReference; lastKnownFileType = image.jpeg; path = nssl0033.jpg; sourceTree = "<group>"; };
		D27BE4C81EE0CB0F0068CB3F /* nssl0034.jpg */ = {isa = PBXFileReference; lastKnownFileType = image.jpeg; path = nssl0034.jpg; sourceTree = "<group>"; };
		D27BE4C91EE0CB0F0068CB3F /* nssl0041.jpg */ = {isa = PBXFileReference; lastKnownFileType = image.jpeg; path = nssl0041.jpg; sourceTree = "<group>"; };
		D27BE4CA1EE0CB0F0068CB3F /* nssl0042.jpg */ = {isa = PBXFileReference; lastKnownFileType = image.jpeg; path = nssl0042.jpg; sourceTree = "<group>"; };
		D27BE4CB1EE0CB0F0068CB3F /* nssl0043.jpg */ = {isa = PBXFileReference; lastKnownFileType = image.jpeg; path = nssl0043.jpg; sourceTree = "<group>"; };
		D27BE4CC1EE0CB0F0068CB3F /* nssl0045.jpg */ = {isa = PBXFileReference; lastKnownFileType = image.jpeg; path = nssl0045.jpg; sourceTree = "<group>"; };
		D27BE4CD1EE0CB0F0068CB3F /* nssl0046.jpg */ = {isa = PBXFileReference; lastKnownFileType = image.jpeg; path = nssl0046.jpg; sourceTree = "<group>"; };
		D27BE4CE1EE0CB0F0068CB3F /* nssl0049.jpg */ = {isa = PBXFileReference; lastKnownFileType = image.jpeg; path = nssl0049.jpg; sourceTree = "<group>"; };
		D27BE4CF1EE0CB0F0068CB3F /* nssl0051.jpg */ = {isa = PBXFileReference; lastKnownFileType = image.jpeg; path = nssl0051.jpg; sourceTree = "<group>"; };
		D27BE4D01EE0CB0F0068CB3F /* nssl0091.jpg */ = {isa = PBXFileReference; lastKnownFileType = image.jpeg; path = nssl0091.jpg; sourceTree = "<group>"; };
		D27BE4DB1EE0CFFA0068CB3F /* DetailViewController.swift */ = {isa = PBXFileReference; fileEncoding = 4; lastKnownFileType = sourcecode.swift; path = DetailViewController.swift; sourceTree = "<group>"; };
/* End PBXFileReference section */

/* Begin PBXFrameworksBuildPhase section */
		D27BE4AF1EE0CABD0068CB3F /* Frameworks */ = {
			isa = PBXFrameworksBuildPhase;
			buildActionMask = 2147483647;
			files = (
			);
			runOnlyForDeploymentPostprocessing = 0;
		};
/* End PBXFrameworksBuildPhase section */

/* Begin PBXGroup section */
		D27BE4A91EE0CABD0068CB3F = {
			isa = PBXGroup;
			children = (
				D27BE4B41EE0CABD0068CB3F /* Project1 */,
				D27BE4B31EE0CABD0068CB3F /* Products */,
			);
			sourceTree = "<group>";
		};
		D27BE4B31EE0CABD0068CB3F /* Products */ = {
			isa = PBXGroup;
			children = (
				D27BE4B21EE0CABD0068CB3F /* Project1.app */,
			);
			name = Products;
			sourceTree = "<group>";
		};
		D27BE4B41EE0CABD0068CB3F /* Project1 */ = {
			isa = PBXGroup;
			children = (
				D27BE4B51EE0CABD0068CB3F /* AppDelegate.swift */,
				D27BE4B71EE0CABD0068CB3F /* ViewController.swift */,
				D27BE4DB1EE0CFFA0068CB3F /* DetailViewController.swift */,
				D27BE4B91EE0CABD0068CB3F /* Main.storyboard */,
				D27BE4BC1EE0CABD0068CB3F /* Assets.xcassets */,
				D27BE4BE1EE0CABD0068CB3F /* LaunchScreen.storyboard */,
				D27BE4C11EE0CABD0068CB3F /* Info.plist */,
				D27BE4C71EE0CB0F0068CB3F /* nssl0033.jpg */,
				D27BE4C81EE0CB0F0068CB3F /* nssl0034.jpg */,
				D27BE4C91EE0CB0F0068CB3F /* nssl0041.jpg */,
				D27BE4CA1EE0CB0F0068CB3F /* nssl0042.jpg */,
				D27BE4CB1EE0CB0F0068CB3F /* nssl0043.jpg */,
				D27BE4CC1EE0CB0F0068CB3F /* nssl0045.jpg */,
				D27BE4CD1EE0CB0F0068CB3F /* nssl0046.jpg */,
				D27BE4CE1EE0CB0F0068CB3F /* nssl0049.jpg */,
				D27BE4CF1EE0CB0F0068CB3F /* nssl0051.jpg */,
				D27BE4D01EE0CB0F0068CB3F /* nssl0091.jpg */,
			);
			path = Project1;
			sourceTree = "<group>";
		};
/* End PBXGroup section */

/* Begin PBXNativeTarget section */
		D27BE4B11EE0CABD0068CB3F /* Project1 */ = {
			isa = PBXNativeTarget;
			buildConfigurationList = D27BE4C41EE0CABD0068CB3F /* Build configuration list for PBXNativeTarget "Project1" */;
			buildPhases = (
				D27BE4AE1EE0CABD0068CB3F /* Sources */,
				D27BE4AF1EE0CABD0068CB3F /* Frameworks */,
				D27BE4B01EE0CABD0068CB3F /* Resources */,
			);
			buildRules = (
			);
			dependencies = (
			);
			name = Project1;
			productName = Project1;
			productReference = D27BE4B21EE0CABD0068CB3F /* Project1.app */;
			productType = "com.apple.product-type.application";
		};
/* End PBXNativeTarget section */

/* Begin PBXProject section */
		D27BE4AA1EE0CABD0068CB3F /* Project object */ = {
			isa = PBXProject;
			attributes = {
				LastSwiftUpdateCheck = 0830;
				LastUpgradeCheck = 0830;
				ORGANIZATIONNAME = "Shumworks LLC";
				TargetAttributes = {
					D27BE4B11EE0CABD0068CB3F = {
						CreatedOnToolsVersion = 8.3.2;
						DevelopmentTeam = 9DMPB36F66;
						ProvisioningStyle = Automatic;
					};
				};
			};
			buildConfigurationList = D27BE4AD1EE0CABD0068CB3F /* Build configuration list for PBXProject "Project1" */;
			compatibilityVersion = "Xcode 3.2";
			developmentRegion = English;
			hasScannedForEncodings = 0;
			knownRegions = (
				en,
				Base,
			);
			mainGroup = D27BE4A91EE0CABD0068CB3F;
			productRefGroup = D27BE4B31EE0CABD0068CB3F /* Products */;
			projectDirPath = "";
			projectRoot = "";
			targets = (
				D27BE4B11EE0CABD0068CB3F /* Project1 */,
			);
		};
/* End PBXProject section */

/* Begin PBXResourcesBuildPhase section */
		D27BE4B01EE0CABD0068CB3F /* Resources */ = {
			isa = PBXResourcesBuildPhase;
			buildActionMask = 2147483647;
			files = (
				D27BE4D21EE0CB0F0068CB3F /* nssl0034.jpg in Resources */,
				D27BE4D91EE0CB0F0068CB3F /* nssl0051.jpg in Resources */,
				D27BE4C01EE0CABD0068CB3F /* LaunchScreen.storyboard in Resources */,
				D27BE4D51EE0CB0F0068CB3F /* nssl0043.jpg in Resources */,
				D27BE4D11EE0CB0F0068CB3F /* nssl0033.jpg in Resources */,
				D27BE4D61EE0CB0F0068CB3F /* nssl0045.jpg in Resources */,
				D27BE4D71EE0CB0F0068CB3F /* nssl0046.jpg in Resources */,
				D27BE4D81EE0CB0F0068CB3F /* nssl0049.jpg in Resources */,
				D27BE4D41EE0CB0F0068CB3F /* nssl0042.jpg in Resources */,
				D27BE4BD1EE0CABD0068CB3F /* Assets.xcassets in Resources */,
				D27BE4DA1EE0CB0F0068CB3F /* nssl0091.jpg in Resources */,
				D27BE4D31EE0CB0F0068CB3F /* nssl0041.jpg in Resources */,
				D27BE4BB1EE0CABD0068CB3F /* Main.storyboard in Resources */,
			);
			runOnlyForDeploymentPostprocessing = 0;
		};
/* End PBXResourcesBuildPhase section */

/* Begin PBXSourcesBuildPhase section */
		D27BE4AE1EE0CABD0068CB3F /* Sources */ = {
			isa = PBXSourcesBuildPhase;
			buildActionMask = 2147483647;
			files = (
				D27BE4DC1EE0CFFA0068CB3F /* DetailViewController.swift in Sources */,
				D27BE4B81EE0CABD0068CB3F /* ViewController.swift in Sources */,
				D27BE4B61EE0CABD0068CB3F /* AppDelegate.swift in Sources */,
			);
			runOnlyForDeploymentPostprocessing = 0;
		};
/* End PBXSourcesBuildPhase section */

/* Begin PBXVariantGroup section */
		D27BE4B91EE0CABD0068CB3F /* Main.storyboard */ = {
			isa = PBXVariantGroup;
			children = (
				D27BE4BA1EE0CABD0068CB3F /* Base */,
			);
			name = Main.storyboard;
			sourceTree = "<group>";
		};
		D27BE4BE1EE0CABD0068CB3F /* LaunchScreen.storyboard */ = {
			isa = PBXVariantGroup;
			children = (
				D27BE4BF1EE0CABD0068CB3F /* Base */,
			);
			name = LaunchScreen.storyboard;
			sourceTree = "<group>";
		};
/* End PBXVariantGroup section */

/* Begin XCBuildConfiguration section */
		D27BE4C21EE0CABD0068CB3F /* Debug */ = {
			isa = XCBuildConfiguration;
			buildSettings = {
				ALWAYS_SEARCH_USER_PATHS = NO;
				CLANG_ANALYZER_NONNULL = YES;
				CLANG_ANALYZER_NUMBER_OBJECT_CONVERSION = YES_AGGRESSIVE;
				CLANG_CXX_LANGUAGE_STANDARD = "gnu++0x";
				CLANG_CXX_LIBRARY = "libc++";
				CLANG_ENABLE_MODULES = YES;
				CLANG_ENABLE_OBJC_ARC = YES;
				CLANG_WARN_BOOL_CONVERSION = YES;
				CLANG_WARN_CONSTANT_CONVERSION = YES;
				CLANG_WARN_DIRECT_OBJC_ISA_USAGE = YES_ERROR;
				CLANG_WARN_DOCUMENTATION_COMMENTS = YES;
				CLANG_WARN_EMPTY_BODY = YES;
				CLANG_WARN_ENUM_CONVERSION = YES;
				CLANG_WARN_INFINITE_RECURSION = YES;
				CLANG_WARN_INT_CONVERSION = YES;
				CLANG_WARN_OBJC_ROOT_CLASS = YES_ERROR;
				CLANG_WARN_SUSPICIOUS_MOVE = YES;
				CLANG_WARN_UNREACHABLE_CODE = YES;
				CLANG_WARN__DUPLICATE_METHOD_MATCH = YES;
				"CODE_SIGN_IDENTITY[sdk=iphoneos*]" = "iPhone Developer";
				COPY_PHASE_STRIP = NO;
				DEBUG_INFORMATION_FORMAT = dwarf;
				ENABLE_STRICT_OBJC_MSGSEND = YES;
				ENABLE_TESTABILITY = YES;
				GCC_C_LANGUAGE_STANDARD = gnu99;
				GCC_DYNAMIC_NO_PIC = NO;
				GCC_NO_COMMON_BLOCKS = YES;
				GCC_OPTIMIZATION_LEVEL = 0;
				GCC_PREPROCESSOR_DEFINITIONS = (
					"DEBUG=1",
					"$(inherited)",
				);
				GCC_WARN_64_TO_32_BIT_CONVERSION = YES;
				GCC_WARN_ABOUT_RETURN_TYPE = YES_ERROR;
				GCC_WARN_UNDECLARED_SELECTOR = YES;
				GCC_WARN_UNINITIALIZED_AUTOS = YES_AGGRESSIVE;
				GCC_WARN_UNUSED_FUNCTION = YES;
				GCC_WARN_UNUSED_VARIABLE = YES;
				IPHONEOS_DEPLOYMENT_TARGET = 10.3;
				MTL_ENABLE_DEBUG_INFO = YES;
				ONLY_ACTIVE_ARCH = YES;
				SDKROOT = iphoneos;
				SWIFT_ACTIVE_COMPILATION_CONDITIONS = DEBUG;
				SWIFT_OPTIMIZATION_LEVEL = "-Onone";
			};
			name = Debug;
		};
		D27BE4C31EE0CABD0068CB3F /* Release */ = {
			isa = XCBuildConfiguration;
			buildSettings = {
				ALWAYS_SEARCH_USER_PATHS = NO;
				CLANG_ANALYZER_NONNULL = YES;
				CLANG_ANALYZER_NUMBER_OBJECT_CONVERSION = YES_AGGRESSIVE;
				CLANG_CXX_LANGUAGE_STANDARD = "gnu++0x";
				CLANG_CXX_LIBRARY = "libc++";
				CLANG_ENABLE_MODULES = YES;
				CLANG_ENABLE_OBJC_ARC = YES;
				CLANG_WARN_BOOL_CONVERSION = YES;
				CLANG_WARN_CONSTANT_CONVERSION = YES;
				CLANG_WARN_DIRECT_OBJC_ISA_USAGE = YES_ERROR;
				CLANG_WARN_DOCUMENTATION_COMMENTS = YES;
				CLANG_WARN_EMPTY_BODY = YES;
				CLANG_WARN_ENUM_CONVERSION = YES;
				CLANG_WARN_INFINITE_RECURSION = YES;
				CLANG_WARN_INT_CONVERSION = YES;
				CLANG_WARN_OBJC_ROOT_CLASS = YES_ERROR;
				CLANG_WARN_SUSPICIOUS_MOVE = YES;
				CLANG_WARN_UNREACHABLE_CODE = YES;
				CLANG_WARN__DUPLICATE_METHOD_MATCH = YES;
				"CODE_SIGN_IDENTITY[sdk=iphoneos*]" = "iPhone Developer";
				COPY_PHASE_STRIP = NO;
				DEBUG_INFORMATION_FORMAT = "dwarf-with-dsym";
				ENABLE_NS_ASSERTIONS = NO;
				ENABLE_STRICT_OBJC_MSGSEND = YES;
				GCC_C_LANGUAGE_STANDARD = gnu99;
				GCC_NO_COMMON_BLOCKS = YES;
				GCC_WARN_64_TO_32_BIT_CONVERSION = YES;
				GCC_WARN_ABOUT_RETURN_TYPE = YES_ERROR;
				GCC_WARN_UNDECLARED_SELECTOR = YES;
				GCC_WARN_UNINITIALIZED_AUTOS = YES_AGGRESSIVE;
				GCC_WARN_UNUSED_FUNCTION = YES;
				GCC_WARN_UNUSED_VARIABLE = YES;
				IPHONEOS_DEPLOYMENT_TARGET = 10.3;
				MTL_ENABLE_DEBUG_INFO = NO;
				SDKROOT = iphoneos;
				SWIFT_OPTIMIZATION_LEVEL = "-Owholemodule";
				VALIDATE_PRODUCT = YES;
			};
			name = Release;
		};
		D27BE4C51EE0CABD0068CB3F /* Debug */ = {
			isa = XCBuildConfiguration;
			buildSettings = {
				ASSETCATALOG_COMPILER_APPICON_NAME = AppIcon;
				DEVELOPMENT_TEAM = 9DMPB36F66;
				INFOPLIST_FILE = Project1/Info.plist;
				LD_RUNPATH_SEARCH_PATHS = "$(inherited) @executable_path/Frameworks";
				PRODUCT_BUNDLE_IDENTIFIER = com.shumworks.Project1;
				PRODUCT_NAME = "$(TARGET_NAME)";
				SWIFT_VERSION = 3.0;
			};
			name = Debug;
		};
		D27BE4C61EE0CABD0068CB3F /* Release */ = {
			isa = XCBuildConfiguration;
			buildSettings = {
				ASSETCATALOG_COMPILER_APPICON_NAME = AppIcon;
				DEVELOPMENT_TEAM = 9DMPB36F66;
				INFOPLIST_FILE = Project1/Info.plist;
				LD_RUNPATH_SEARCH_PATHS = "$(inherited) @executable_path/Frameworks";
				PRODUCT_BUNDLE_IDENTIFIER = com.shumworks.Project1;
				PRODUCT_NAME = "$(TARGET_NAME)";
				SWIFT_VERSION = 3.0;
			};
			name = Release;
		};
/* End XCBuildConfiguration section */

/* Begin XCConfigurationList section */
		D27BE4AD1EE0CABD0068CB3F /* Build configuration list for PBXProject "Project1" */ = {
			isa = XCConfigurationList;
			buildConfigurations = (
				D27BE4C21EE0CABD0068CB3F /* Debug */,
				D27BE4C31EE0CABD0068CB3F /* Release */,
			);
			defaultConfigurationIsVisible = 0;
			defaultConfigurationName = Release;
		};
		D27BE4C41EE0CABD0068CB3F /* Build configuration list for PBXNativeTarget "Project1" */ = {
			isa = XCConfigurationList;
			buildConfigurations = (
				D27BE4C51EE0CABD0068CB3F /* Debug */,
				D27BE4C61EE0CABD0068CB3F /* Release */,
			);
			defaultConfigurationIsVisible = 0;
		};
/* End XCConfigurationList section */
	};
	rootObject = D27BE4AA1EE0CABD0068CB3F /* Project object */;
}
